github.com/pkg/errors v0.8.1 h1:iURUrRGxPUNPdy5/HRSm+Yj6okJ6UtLINN0Q9M4+h3I=
github.com/pkg/errors v0.8.1/go.mod h1:bwawxfHBFNV+L2hUp1rHADufV3IMtnDRdf1r5NINEl0=
github.com/srvc/fail v4.0.0+incompatible h1:NyG9nEm+AG/5RcwtmhsjCAwFgycb/MRGe3X78BR+w2U=
github.com/srvc/fail v4.0.0+incompatible/go.mod h1:O6qL3O5sUrJlIh2oGAZ5J9RKGGae3D1U6jMGyzM6RK4=
